
Microsoft Visual Studio Solution File, Format Version 12.00
# Visual Studio 15
Project("{FAE04EC0-301F-11D3-BF4B-00C04F79EFBC}") = "NETCoreGitDemo", "NETCoreGitDemo\NETCoreGitDemo.csproj", "{EFB6855E-1F24-4A9D-B21F-039408B30494}"
EndProject
Global
	GlobalSection(SolutionConfigurationPlatforms) = preSolution
		Debug|Any CPU = Debug|Any CPU
		Release|Any CPU = Release|Any CPU
	EndGlobalSection
	GlobalSection(ProjectConfigurationPlatforms) = postSolution
		{EFB6855E-1F24-4A9D-B21F-039408B30494}.Debug|Any CPU.ActiveCfg = Debug|Any CPU
		{EFB6855E-1F24-4A9D-B21F-039408B30494}.Debug|Any CPU.Build.0 = Debug|Any CPU
		{EFB6855E-1F24-4A9D-B21F-039408B30494}.Release|Any CPU.ActiveCfg = Release|Any CPU
		{EFB6855E-1F24-4A9D-B21F-039408B30494}.Release|Any CPU.Build.0 = Release|Any CPU
	EndGlobalSection
EndGlobal
